
Microsoft Visual Studio Solution File, Format Version 12.00
# Visual Studio Version 17
VisualStudioVersion = 17.0.32014.148
MinimumVisualStudioVersion = 10.0.40219.1
Project("{FAE04EC0-301F-11D3-BF4B-00C04F79EFBC}") = "BulkyBookWeb", "BulkyBookWeb\BulkyBookWeb.csproj", "{0D57D8F9-9CE4-49E5-932E-5D74D358985C}"
EndProject
Global
	GlobalSection(SolutionConfigurationPlatforms) = preSolution
		Debug|Any CPU = Debug|Any CPU
		Release|Any CPU = Release|Any CPU
	EndGlobalSection
	GlobalSection(ProjectConfigurationPlatforms) = postSolution
		{0D57D8F9-9CE4-49E5-932E-5D74D358985C}.Debug|Any CPU.ActiveCfg = Debug|Any CPU
		{0D57D8F9-9CE4-49E5-932E-5D74D358985C}.Debug|Any CPU.Build.0 = Debug|Any CPU
		{0D57D8F9-9CE4-49E5-932E-5D74D358985C}.Release|Any CPU.ActiveCfg = Release|Any CPU
		{0D57D8F9-9CE4-49E5-932E-5D74D358985C}.Release|Any CPU.Build.0 = Release|Any CPU
	EndGlobalSection
	GlobalSection(SolutionProperties) = preSolution
		HideSolutionNode = FALSE
	EndGlobalSection
	GlobalSection(ExtensibilityGlobals) = postSolution
		SolutionGuid = {0B553F0E-9305-4FEB-998B-7D72CDE5DEC4}
	EndGlobalSection
EndGlobal
